
Microsoft Visual Studio Solution File, Format Version 12.00
# Visual Studio Version 16
VisualStudioVersion = 16.0.30011.22
MinimumVisualStudioVersion = 10.0.40219.1
Project("{FAE04EC0-301F-11D3-BF4B-00C04F79EFBC}") = "MultiAppForms.UWP", "MultiAppForms\MultiAppForms.UWP\MultiAppForms.UWP.csproj", "{FAC731DA-3EAF-4D95-A44A-3EA14A2D5B21}"
EndProject
Project("{FAE04EC0-301F-11D3-BF4B-00C04F79EFBC}") = "MultiAppForms.Android", "MultiAppForms\MultiAppForms.Android\MultiAppForms.Android.csproj", "{CD34E059-C661-493B-A75B-4F6E085862DF}"
EndProject
Project("{FAE04EC0-301F-11D3-BF4B-00C04F79EFBC}") = "MultiAppForms.iOS", "MultiAppForms\MultiAppForms.iOS\MultiAppForms.iOS.csproj", "{EAEC0068-27F0-4F8F-B7B0-E788D9B4A081}"
EndProject
Project("{FAE04EC0-301F-11D3-BF4B-00C04F79EFBC}") = "MultiAppForms", "MultiAppForms\MultiAppForms\MultiAppForms.csproj", "{80F4B1F4-D740-4B45-8F52-1EFC7469771D}"
EndProject
Global
	GlobalSection(SolutionConfigurationPlatforms) = preSolution
		Debug|Any CPU = Debug|Any CPU
		Debug|ARM = Debug|ARM
		Debug|iPhone = Debug|iPhone
		Debug|iPhoneSimulator = Debug|iPhoneSimulator
		Debug|x64 = Debug|x64
		Debug|x86 = Debug|x86
		Release|Any CPU = Release|Any CPU
		Release|ARM = Release|ARM
		Release|iPhone = Release|iPhone
		Release|iPhoneSimulator = Release|iPhoneSimulator
		Release|x64 = Release|x64
		Release|x86 = Release|x86
	EndGlobalSection
	GlobalSection(ProjectConfigurationPlatforms) = postSolution
		{FAC731DA-3EAF-4D95-A44A-3EA14A2D5B21}.Debug|Any CPU.ActiveCfg = Debug|x86
		{FAC731DA-3EAF-4D95-A44A-3EA14A2D5B21}.Debug|Any CPU.Build.0 = Debug|x86
		{FAC731DA-3EAF-4D95-A44A-3EA14A2D5B21}.Debug|Any CPU.Deploy.0 = Debug|x86
		{FAC731DA-3EAF-4D95-A44A-3EA14A2D5B21}.Debug|ARM.ActiveCfg = Debug|ARM
		{FAC731DA-3EAF-4D95-A44A-3EA14A2D5B21}.Debug|ARM.Build.0 = Debug|ARM
		{FAC731DA-3EAF-4D95-A44A-3EA14A2D5B21}.Debug|ARM.Deploy.0 = Debug|ARM
		{FAC731DA-3EAF-4D95-A44A-3EA14A2D5B21}.Debug|iPhone.ActiveCfg = Debug|x86
		{FAC731DA-3EAF-4D95-A44A-3EA14A2D5B21}.Debug|iPhone.Build.0 = Debug|x86
		{FAC731DA-3EAF-4D95-A44A-3EA14A2D5B21}.Debug|iPhone.Deploy.0 = Debug|x86
		{FAC731DA-3EAF-4D95-A44A-3EA14A2D5B21}.Debug|iPhoneSimulator.ActiveCfg = Debug|x86
		{FAC731DA-3EAF-4D95-A44A-3EA14A2D5B21}.Debug|iPhoneSimulator.Build.0 = Debug|x86
		{FAC731DA-3EAF-4D95-A44A-3EA14A2D5B21}.Debug|iPhoneSimulator.Deploy.0 = Debug|x86
		{FAC731DA-3EAF-4D95-A44A-3EA14A2D5B21}.Debug|x64.ActiveCfg = Debug|x64
		{FAC731DA-3EAF-4D95-A44A-3EA14A2D5B21}.Debug|x64.Build.0 = Debug|x64
		{FAC731DA-3EAF-4D95-A44A-3EA14A2D5B21}.Debug|x64.Deploy.0 = Debug|x64
		{FAC731DA-3EAF-4D95-A44A-3EA14A2D5B21}.Debug|x86.ActiveCfg = Debug|x86
		{FAC731DA-3EAF-4D95-A44A-3EA14A2D5B21}.Debug|x86.Build.0 = Debug|x86
		{FAC731DA-3EAF-4D95-A44A-3EA14A2D5B21}.Debug|x86.Deploy.0 = Debug|x86
		{FAC731DA-3EAF-4D95-A44A-3EA14A2D5B21}.Release|Any CPU.ActiveCfg = Release|x86
		{FAC731DA-3EAF-4D95-A44A-3EA14A2D5B21}.Release|Any CPU.Build.0 = Release|x86
		{FAC731DA-3EAF-4D95-A44A-3EA14A2D5B21}.Release|Any CPU.Deploy.0 = Release|x86
		{FAC731DA-3EAF-4D95-A44A-3EA14A2D5B21}.Release|ARM.ActiveCfg = Release|ARM
		{FAC731DA-3EAF-4D95-A44A-3EA14A2D5B21}.Release|ARM.Build.0 = Release|ARM
		{FAC731DA-3EAF-4D95-A44A-3EA14A2D5B21}.Release|ARM.Deploy.0 = Release|ARM
		{FAC731DA-3EAF-4D95-A44A-3EA14A2D5B21}.Release|iPhone.ActiveCfg = Release|x86
		{FAC731DA-3EAF-4D95-A44A-3EA14A2D5B21}.Release|iPhone.Build.0 = Release|x86
		{FAC731DA-3EAF-4D95-A44A-3EA14A2D5B21}.Release|iPhone.Deploy.0 = Release|x86
		{FAC731DA-3EAF-4D95-A44A-3EA14A2D5B21}.Release|iPhoneSimulator.ActiveCfg = Release|x86
		{FAC731DA-3EAF-4D95-A44A-3EA14A2D5B21}.Release|iPhoneSimulator.Build.0 = Release|x86
		{FAC731DA-3EAF-4D95-A44A-3EA14A2D5B21}.Release|iPhoneSimulator.Deploy.0 = Release|x86
		{FAC731DA-3EAF-4D95-A44A-3EA14A2D5B21}.Release|x64.ActiveCfg = Release|x64
		{FAC731DA-3EAF-4D95-A44A-3EA14A2D5B21}.Release|x64.Build.0 = Release|x64
		{FAC731DA-3EAF-4D95-A44A-3EA14A2D5B21}.Release|x64.Deploy.0 = Release|x64
		{FAC731DA-3EAF-4D95-A44A-3EA14A2D5B21}.Release|x86.ActiveCfg = Release|x86
		{FAC731DA-3EAF-4D95-A44A-3EA14A2D5B21}.Release|x86.Build.0 = Release|x86
		{FAC731DA-3EAF-4D95-A44A-3EA14A2D5B21}.Release|x86.Deploy.0 = Release|x86
		{CD34E059-C661-493B-A75B-4F6E085862DF}.Debug|Any CPU.ActiveCfg = Debug|Any CPU
		{CD34E059-C661-493B-A75B-4F6E085862DF}.Debug|Any CPU.Build.0 = Debug|Any CPU
		{CD34E059-C661-493B-A75B-4F6E085862DF}.Debug|Any CPU.Deploy.0 = Debug|Any CPU
		{CD34E059-C661-493B-A75B-4F6E085862DF}.Debug|ARM.ActiveCfg = Debug|Any CPU
		{CD34E059-C661-493B-A75B-4F6E085862DF}.Debug|ARM.Build.0 = Debug|Any CPU
		{CD34E059-C661-493B-A75B-4F6E085862DF}.Debug|ARM.Deploy.0 = Debug|Any CPU
		{CD34E059-C661-493B-A75B-4F6E085862DF}.Debug|iPhone.ActiveCfg = Debug|Any CPU
		{CD34E059-C661-493B-A75B-4F6E085862DF}.Debug|iPhone.Build.0 = Debug|Any CPU
		{CD34E059-C661-493B-A75B-4F6E085862DF}.Debug|iPhone.Deploy.0 = Debug|Any CPU
		{CD34E059-C661-493B-A75B-4F6E085862DF}.Debug|iPhoneSimulator.ActiveCfg = Debug|Any CPU
		{CD34E059-C661-493B-A75B-4F6E085862DF}.Debug|iPhoneSimulator.Build.0 = Debug|Any CPU
		{CD34E059-C661-493B-A75B-4F6E085862DF}.Debug|iPhoneSimulator.Deploy.0 = Debug|Any CPU
		{CD34E059-C661-493B-A75B-4F6E085862DF}.Debug|x64.ActiveCfg = Debug|Any CPU
		{CD34E059-C661-493B-A75B-4F6E085862DF}.Debug|x64.Build.0 = Debug|Any CPU
		{CD34E059-C661-493B-A75B-4F6E085862DF}.Debug|x64.Deploy.0 = Debug|Any CPU
		{CD34E059-C661-493B-A75B-4F6E085862DF}.Debug|x86.ActiveCfg = Debug|Any CPU
		{CD34E059-C661-493B-A75B-4F6E085862DF}.Debug|x86.Build.0 = Debug|Any CPU
		{CD34E059-C661-493B-A75B-4F6E085862DF}.Debug|x86.Deploy.0 = Debug|Any CPU
		{CD34E059-C661-493B-A75B-4F6E085862DF}.Release|Any CPU.ActiveCfg = Release|Any CPU
		{CD34E059-C661-493B-A75B-4F6E085862DF}.Release|Any CPU.Build.0 = Release|Any CPU
		{CD34E059-C661-493B-A75B-4F6E085862DF}.Release|Any CPU.Deploy.0 = Release|Any CPU
		{CD34E059-C661-493B-A75B-4F6E085862DF}.Release|ARM.ActiveCfg = Release|Any CPU
		{CD34E059-C661-493B-A75B-4F6E085862DF}.Release|ARM.Build.0 = Release|Any CPU
		{CD34E059-C661-493B-A75B-4F6E085862DF}.Release|ARM.Deploy.0 = Release|Any CPU
		{CD34E059-C661-493B-A75B-4F6E085862DF}.Release|iPhone.ActiveCfg = Release|Any CPU
		{CD34E059-C661-493B-A75B-4F6E085862DF}.Release|iPhone.Build.0 = Release|Any CPU
		{CD34E059-C661-493B-A75B-4F6E085862DF}.Release|iPhone.Deploy.0 = Release|Any CPU
		{CD34E059-C661-493B-A75B-4F6E085862DF}.Release|iPhoneSimulator.ActiveCfg = Release|Any CPU
		{CD34E059-C661-493B-A75B-4F6E085862DF}.Release|iPhoneSimulator.Build.0 = Release|Any CPU
		{CD34E059-C661-493B-A75B-4F6E085862DF}.Release|iPhoneSimulator.Deploy.0 = Release|Any CPU
		{CD34E059-C661-493B-A75B-4F6E085862DF}.Release|x64.ActiveCfg = Release|Any CPU
		{CD34E059-C661-493B-A75B-4F6E085862DF}.Release|x64.Build.0 = Release|Any CPU
		{CD34E059-C661-493B-A75B-4F6E085862DF}.Release|x64.Deploy.0 = Release|Any CPU
		{CD34E059-C661-493B-A75B-4F6E085862DF}.Release|x86.ActiveCfg = Release|Any CPU
		{CD34E059-C661-493B-A75B-4F6E085862DF}.Release|x86.Build.0 = Release|Any CPU
		{CD34E059-C661-493B-A75B-4F6E085862DF}.Release|x86.Deploy.0 = Release|Any CPU
		{EAEC0068-27F0-4F8F-B7B0-E788D9B4A081}.Debug|Any CPU.ActiveCfg = Debug|iPhone
		{EAEC0068-27F0-4F8F-B7B0-E788D9B4A081}.Debug|Any CPU.Build.0 = Debug|iPhone
		{EAEC0068-27F0-4F8F-B7B0-E788D9B4A081}.Debug|Any CPU.Deploy.0 = Debug|iPhone
		{EAEC0068-27F0-4F8F-B7B0-E788D9B4A081}.Debug|ARM.ActiveCfg = Debug|iPhone
		{EAEC0068-27F0-4F8F-B7B0-E788D9B4A081}.Debug|ARM.Build.0 = Debug|iPhone
		{EAEC0068-27F0-4F8F-B7B0-E788D9B4A081}.Debug|ARM.Deploy.0 = Debug|iPhone
		{EAEC0068-27F0-4F8F-B7B0-E788D9B4A081}.Debug|iPhone.ActiveCfg = Debug|iPhone
		{EAEC0068-27F0-4F8F-B7B0-E788D9B4A081}.Debug|iPhone.Build.0 = Debug|iPhone
		{EAEC0068-27F0-4F8F-B7B0-E788D9B4A081}.Debug|iPhone.Deploy.0 = Debug|iPhone
		{EAEC0068-27F0-4F8F-B7B0-E788D9B4A081}.Debug|iPhoneSimulator.ActiveCfg = Debug|iPhoneSimulator
		{EAEC0068-27F0-4F8F-B7B0-E788D9B4A081}.Debug|iPhoneSimulator.Build.0 = Debug|iPhoneSimulator
		{EAEC0068-27F0-4F8F-B7B0-E788D9B4A081}.Debug|iPhoneSimulator.Deploy.0 = Debug|iPhoneSimulator
		{EAEC0068-27F0-4F8F-B7B0-E788D9B4A081}.Debug|x64.ActiveCfg = Debug|iPhone
		{EAEC0068-27F0-4F8F-B7B0-E788D9B4A081}.Debug|x64.Build.0 = Debug|iPhone
		{EAEC0068-27F0-4F8F-B7B0-E788D9B4A081}.Debug|x64.Deploy.0 = Debug|iPhone
		{EAEC0068-27F0-4F8F-B7B0-E788D9B4A081}.Debug|x86.ActiveCfg = Debug|iPhone
		{EAEC0068-27F0-4F8F-B7B0-E788D9B4A081}.Debug|x86.Build.0 = Debug|iPhone
		{EAEC0068-27F0-4F8F-B7B0-E788D9B4A081}.Debug|x86.Deploy.0 = Debug|iPhone
		{EAEC0068-27F0-4F8F-B7B0-E788D9B4A081}.Release|Any CPU.ActiveCfg = Release|iPhone
		{EAEC0068-27F0-4F8F-B7B0-E788D9B4A081}.Release|Any CPU.Build.0 = Release|iPhone
		{EAEC0068-27F0-4F8F-B7B0-E788D9B4A081}.Release|Any CPU.Deploy.0 = Release|iPhone
		{EAEC0068-27F0-4F8F-B7B0-E788D9B4A081}.Release|ARM.ActiveCfg = Release|iPhone
		{EAEC0068-27F0-4F8F-B7B0-E788D9B4A081}.Release|ARM.Build.0 = Release|iPhone
		{EAEC0068-27F0-4F8F-B7B0-E788D9B4A081}.Release|ARM.Deploy.0 = Release|iPhone
		{EAEC0068-27F0-4F8F-B7B0-E788D9B4A081}.Release|iPhone.ActiveCfg = Release|iPhone
		{EAEC0068-27F0-4F8F-B7B0-E788D9B4A081}.Release|iPhone.Build.0 = Release|iPhone
		{EAEC0068-27F0-4F8F-B7B0-E788D9B4A081}.Release|iPhone.Deploy.0 = Release|iPhone
		{EAEC0068-27F0-4F8F-B7B0-E788D9B4A081}.Release|iPhoneSimulator.ActiveCfg = Release|iPhoneSimulator
		{EAEC0068-27F0-4F8F-B7B0-E788D9B4A081}.Release|iPhoneSimulator.Build.0 = Release|iPhoneSimulator
		{EAEC0068-27F0-4F8F-B7B0-E788D9B4A081}.Release|iPhoneSimulator.Deploy.0 = Release|iPhoneSimulator
		{EAEC0068-27F0-4F8F-B7B0-E788D9B4A081}.Release|x64.ActiveCfg = Release|iPhone
		{EAEC0068-27F0-4F8F-B7B0-E788D9B4A081}.Release|x64.Build.0 = Release|iPhone
		{EAEC0068-27F0-4F8F-B7B0-E788D9B4A081}.Release|x64.Deploy.0 = Release|iPhone
		{EAEC0068-27F0-4F8F-B7B0-E788D9B4A081}.Release|x86.ActiveCfg = Release|iPhone
		{EAEC0068-27F0-4F8F-B7B0-E788D9B4A081}.Release|x86.Build.0 = Release|iPhone
		{EAEC0068-27F0-4F8F-B7B0-E788D9B4A081}.Release|x86.Deploy.0 = Release|iPhone
		{80F4B1F4-D740-4B45-8F52-1EFC7469771D}.Debug|Any CPU.ActiveCfg = Debug|Any CPU
		{80F4B1F4-D740-4B45-8F52-1EFC7469771D}.Debug|Any CPU.Build.0 = Debug|Any CPU
		{80F4B1F4-D740-4B45-8F52-1EFC7469771D}.Debug|Any CPU.Deploy.0 = Debug|Any CPU
		{80F4B1F4-D740-4B45-8F52-1EFC7469771D}.Debug|ARM.ActiveCfg = Debug|Any CPU
		{80F4B1F4-D740-4B45-8F52-1EFC7469771D}.Debug|ARM.Build.0 = Debug|Any CPU
		{80F4B1F4-D740-4B45-8F52-1EFC7469771D}.Debug|ARM.Deploy.0 = Debug|Any CPU
		{80F4B1F4-D740-4B45-8F52-1EFC7469771D}.Debug|iPhone.ActiveCfg = Debug|Any CPU
		{80F4B1F4-D740-4B45-8F52-1EFC7469771D}.Debug|iPhone.Build.0 = Debug|Any CPU
		{80F4B1F4-D740-4B45-8F52-1EFC7469771D}.Debug|iPhone.Deploy.0 = Debug|Any CPU
		{80F4B1F4-D740-4B45-8F52-1EFC7469771D}.Debug|iPhoneSimulator.ActiveCfg = Debug|Any CPU
		{80F4B1F4-D740-4B45-8F52-1EFC7469771D}.Debug|iPhoneSimulator.Build.0 = Debug|Any CPU
		{80F4B1F4-D740-4B45-8F52-1EFC7469771D}.Debug|iPhoneSimulator.Deploy.0 = Debug|Any CPU
		{80F4B1F4-D740-4B45-8F52-1EFC7469771D}.Debug|x64.ActiveCfg = Debug|Any CPU
		{80F4B1F4-D740-4B45-8F52-1EFC7469771D}.Debug|x64.Build.0 = Debug|Any CPU
		{80F4B1F4-D740-4B45-8F52-1EFC7469771D}.Debug|x64.Deploy.0 = Debug|Any CPU
		{80F4B1F4-D740-4B45-8F52-1EFC7469771D}.Debug|x86.ActiveCfg = Debug|Any CPU
		{80F4B1F4-D740-4B45-8F52-1EFC7469771D}.Debug|x86.Build.0 = Debug|Any CPU
		{80F4B1F4-D740-4B45-8F52-1EFC7469771D}.Debug|x86.Deploy.0 = Debug|Any CPU
		{80F4B1F4-D740-4B45-8F52-1EFC7469771D}.Release|Any CPU.ActiveCfg = Release|Any CPU
		{80F4B1F4-D740-4B45-8F52-1EFC7469771D}.Release|Any CPU.Build.0 = Release|Any CPU
		{80F4B1F4-D740-4B45-8F52-1EFC7469771D}.Release|Any CPU.Deploy.0 = Release|Any CPU
		{80F4B1F4-D740-4B45-8F52-1EFC7469771D}.Release|ARM.ActiveCfg = Release|Any CPU
		{80F4B1F4-D740-4B45-8F52-1EFC7469771D}.Release|ARM.Build.0 = Release|Any CPU
		{80F4B1F4-D740-4B45-8F52-1EFC7469771D}.Release|ARM.Deploy.0 = Release|Any CPU
		{80F4B1F4-D740-4B45-8F52-1EFC7469771D}.Release|iPhone.ActiveCfg = Release|Any CPU
		{80F4B1F4-D740-4B45-8F52-1EFC7469771D}.Release|iPhone.Build.0 = Release|Any CPU
		{80F4B1F4-D740-4B45-8F52-1EFC7469771D}.Release|iPhone.Deploy.0 = Release|Any CPU
		{80F4B1F4-D740-4B45-8F52-1EFC7469771D}.Release|iPhoneSimulator.ActiveCfg = Release|Any CPU
		{80F4B1F4-D740-4B45-8F52-1EFC7469771D}.Release|iPhoneSimulator.Build.0 = Release|Any CPU
		{80F4B1F4-D740-4B45-8F52-1EFC7469771D}.Release|iPhoneSimulator.Deploy.0 = Release|Any CPU
		{80F4B1F4-D740-4B45-8F52-1EFC7469771D}.Release|x64.ActiveCfg = Release|Any CPU
		{80F4B1F4-D740-4B45-8F52-1EFC7469771D}.Release|x64.Build.0 = Release|Any CPU
		{80F4B1F4-D740-4B45-8F52-1EFC7469771D}.Release|x64.Deploy.0 = Release|Any CPU
		{80F4B1F4-D740-4B45-8F52-1EFC7469771D}.Release|x86.ActiveCfg = Release|Any CPU
		{80F4B1F4-D740-4B45-8F52-1EFC7469771D}.Release|x86.Build.0 = Release|Any CPU
		{80F4B1F4-D740-4B45-8F52-1EFC7469771D}.Release|x86.Deploy.0 = Release|Any CPU
	EndGlobalSection
	GlobalSection(SolutionProperties) = preSolution
		HideSolutionNode = FALSE
	EndGlobalSection
	GlobalSection(ExtensibilityGlobals) = postSolution
		SolutionGuid = {21819520-4D8B-4C75-B727-0436F0DE86EA}
	EndGlobalSection
EndGlobal
